
Microsoft Visual Studio Solution File, Format Version 12.00
# Visual Studio Version 16
VisualStudioVersion = 16.0.31515.178
MinimumVisualStudioVersion = 10.0.40219.1
Project("{FAE04EC0-301F-11D3-BF4B-00C04F79EFBC}") = "My.Activities.TipeCelByPattern", "My.Activities.TipeCelByPattern\My.Activities.TipeCelByPattern.csproj", "{3A881988-B7AC-4068-9518-74E342AF76E1}"
EndProject
Global
	GlobalSection(SolutionConfigurationPlatforms) = preSolution
		Debug|Any CPU = Debug|Any CPU
		Release|Any CPU = Release|Any CPU
	EndGlobalSection
	GlobalSection(ProjectConfigurationPlatforms) = postSolution
		{3A881988-B7AC-4068-9518-74E342AF76E1}.Debug|Any CPU.ActiveCfg = Debug|Any CPU
		{3A881988-B7AC-4068-9518-74E342AF76E1}.Debug|Any CPU.Build.0 = Debug|Any CPU
		{3A881988-B7AC-4068-9518-74E342AF76E1}.Release|Any CPU.ActiveCfg = Release|Any CPU
		{3A881988-B7AC-4068-9518-74E342AF76E1}.Release|Any CPU.Build.0 = Release|Any CPU
	EndGlobalSection
	GlobalSection(SolutionProperties) = preSolution
		HideSolutionNode = FALSE
	EndGlobalSection
	GlobalSection(ExtensibilityGlobals) = postSolution
		SolutionGuid = {B6FADB2D-8959-429E-BD6B-22D0333858C9}
	EndGlobalSection
EndGlobal
